{
    "_readme": [
        "This file locks the dependencies of your project to a known state",
        "Read more about it at https://getcomposer.org/doc/01-basic-usage.md#installing-dependencies",
        "This file is @generated automatically"
    ],
    "content-hash": "2c9adf5aae911dc46fb82902d1e8b652",
    "packages": [
        {
            "name": "components/jquery",
            "version": "3.4.1",
            "source": {
                "type": "git",
                "url": "https://github.com/components/jquery.git",
                "reference": "901828b7968b18319e377dc23d466f28426ee083"
            },
            "dist": {
                "type": "zip",
                "url": "https://api.github.com/repos/components/jquery/zipball/901828b7968b18319e377dc23d466f28426ee083",
                "reference": "901828b7968b18319e377dc23d466f28426ee083",
                "shasum": ""
            },
            "type": "component",
            "extra": {
                "component": {
                    "scripts": [
                        "jquery.js"
                    ],
                    "files": [
                        "jquery.min.js",
                        "jquery.min.map",
                        "jquery.slim.js",
                        "jquery.slim.min.js",
                        "jquery.slim.min.map"
                    ]
                }
            },
            "notification-url": "https://packagist.org/downloads/",
            "license": [
                "MIT"
            ],
            "authors": [
                {
                    "name": "JS Foundation and other contributors"
                }
            ],
            "description": "jQuery JavaScript Library",
            "homepage": "http://jquery.com",
            "time": "2019-10-23T05:15:13+00:00"
        },
        {
            "name": "erusev/parsedown",
            "version": "1.7.4",
            "source": {
                "type": "git",
                "url": "https://github.com/erusev/parsedown.git",
                "reference": "cb17b6477dfff935958ba01325f2e8a2bfa6dab3"
            },
            "dist": {
                "type": "zip",
                "url": "https://api.github.com/repos/erusev/parsedown/zipball/cb17b6477dfff935958ba01325f2e8a2bfa6dab3",
                "reference": "cb17b6477dfff935958ba01325f2e8a2bfa6dab3",
                "shasum": ""
            },
            "require": {
                "ext-mbstring": "*",
                "php": ">=5.3.0"
            },
            "require-dev": {
                "phpunit/phpunit": "^4.8.35"
            },
            "type": "library",
            "autoload": {
                "psr-0": {
                    "Parsedown": ""
                }
            },
            "notification-url": "https://packagist.org/downloads/",
            "license": [
                "MIT"
            ],
            "authors": [
                {
                    "name": "Emanuil Rusev",
                    "email": "hello@erusev.com",
                    "homepage": "http://erusev.com"
                }
            ],
            "description": "Parser for Markdown.",
            "homepage": "http://parsedown.org",
            "keywords": [
                "markdown",
                "parser"
            ],
            "time": "2019-12-30T22:54:17+00:00"
        },
        {
            "name": "fortawesome/font-awesome",
            "version": "5.12.1",
            "source": {
                "type": "git",
                "url": "https://github.com/FortAwesome/Font-Awesome.git",
                "reference": "0d1f27efb836eb2ab994ba37221849ed64a73e5c"
            },
            "dist": {
                "type": "zip",
                "url": "https://api.github.com/repos/FortAwesome/Font-Awesome/zipball/0d1f27efb836eb2ab994ba37221849ed64a73e5c",
                "reference": "0d1f27efb836eb2ab994ba37221849ed64a73e5c",
                "shasum": ""
            },
            "type": "library",
            "notification-url": "https://packagist.org/downloads/",
            "license": [
                "CC-BY-4.0",
                "OFL-1.1",
                "MIT"
            ],
            "authors": [
                {
                    "name": "Travis Chase",
                    "homepage": "http://twitter.com/supercodepoet"
                },
                {
                    "name": "Dave Gandy",
                    "homepage": "http://twitter.com/davegandy"
                },
                {
                    "name": "Rob Madole",
                    "homepage": "http://twitter.com/robmadole"
                },
                {
                    "name": "Jory Raphael",
                    "homepage": "http://twitter.com/sensibleworld"
                },
                {
                    "name": "Geremia Taglialatela",
                    "homepage": "http://twitter.com/gtagliala"
                },
                {
                    "name": "Brian Talbot",
                    "homepage": "http://twitter.com/talbs"
                },
                {
                    "name": "Mike Wilkerson",
                    "homepage": "http://twitter.com/mw77"
                }
            ],
            "description": "The iconic font, CSS, and SVG framework",
            "homepage": "https://fontawesome.com",
            "keywords": [
                "FontAwesome",
                "awesome",
                "bootstrap",
                "font",
                "icon",
                "svg"
            ],
            "time": "2020-02-05T14:36:40+00:00"
        },
        {
            "name": "froala/wysiwyg-editor",
            "version": "v2.9.5",
            "source": {
                "type": "git",
                "url": "https://github.com/froala/wysiwyg-editor.git",
                "reference": "e9d09c486c927d2646064b82e26307e8fee75700"
            },
            "dist": {
                "type": "zip",
                "url": "https://api.github.com/repos/froala/wysiwyg-editor/zipball/e9d09c486c927d2646064b82e26307e8fee75700",
                "reference": "e9d09c486c927d2646064b82e26307e8fee75700",
                "shasum": ""
            },
            "type": "component",
            "notification-url": "https://packagist.org/downloads/",
            "license": [
                "proprietary"
            ],
            "authors": [
                {
                    "name": "Froala Labs",
                    "email": "support@froala.com"
                }
            ],
            "description": "A beautiful jQuery WYSIWYG HTML rich text editor. High performance and modern design make it easy to use for developers and loved by users.",
            "homepage": "https://www.froala.com/wysiwyg-editor",
            "keywords": [
                "editor",
                "froala",
                "froala-editor",
                "froala-wysiwyg",
                "html",
                "javascript",
                "jquery",
                "jquery-plugin",
                "rich editor",
                "rich text editor",
                "rte",
                "text",
                "wysiwyg"
            ],
            "time": "2019-04-12T09:45:52+00:00"
        },
        {
            "name": "gitonomy/gitlib",
            "version": "v1.2.0",
            "source": {
                "type": "git",
                "url": "https://github.com/gitonomy/gitlib.git",
                "reference": "a0bea921266ad1c9626d712e7f8687dcc08ca528"
            },
            "dist": {
                "type": "zip",
                "url": "https://api.github.com/repos/gitonomy/gitlib/zipball/a0bea921266ad1c9626d712e7f8687dcc08ca528",
                "reference": "a0bea921266ad1c9626d712e7f8687dcc08ca528",
                "shasum": ""
            },
            "require": {
                "php": "^5.6 || ^7.0",
                "symfony/process": "^3.4|^4.0|^5.0"
            },
            "require-dev": {
                "phpunit/phpunit": "^5.7|^6.5|^7.0",
                "psr/log": "^1.0"
            },
            "suggest": {
                "psr/log": "Required to use loggers for reporting of execution"
            },
            "type": "library",
            "extra": {
                "branch-alias": {
                    "dev-master": "1.2-dev"
                }
            },
            "autoload": {
                "psr-4": {
                    "Gitonomy\\Git\\": "src/Gitonomy/Git/"
                }
            },
            "notification-url": "https://packagist.org/downloads/",
            "license": [
                "MIT"
            ],
            "authors": [
                {
                    "name": "Graham Campbell",
                    "email": "graham@alt-three.com"
                },
                {
                    "name": "Julien Didier",
                    "email": "genzo.wm@gmail.com"
                },
                {
                    "name": "Grégoire Pineau",
                    "email": "lyrixx@lyrixx.info"
                },
                {
                    "name": "Alexandre Salomé",
                    "email": "alexandre.salome@gmail.com"
                }
            ],
            "description": "Library for accessing git",
            "homepage": "http://gitonomy.com",
            "time": "2019-12-08T12:42:25+00:00"
        },
        {
            "name": "igorescobar/jquery-mask-plugin",
            "version": "v1.14.1",
            "source": {
                "type": "git",
                "url": "https://github.com/kamihouse/jQuery-Mask-Plugin.git",
                "reference": "678a7df1f0bb275ce53f365b91af99d86850978d"
            },
            "dist": {
                "type": "zip",
                "url": "https://api.github.com/repos/kamihouse/jQuery-Mask-Plugin/zipball/678a7df1f0bb275ce53f365b91af99d86850978d",
                "reference": "678a7df1f0bb275ce53f365b91af99d86850978d",
                "shasum": ""
            },
            "type": "library",
            "notification-url": "https://packagist.org/downloads/",
            "license": [
                "MIT"
            ],
            "authors": [
                {
                    "name": "Igor Escobar",
                    "email": "blog@igorescobar.com",
                    "homepage": "https://about.me/igorescobar",
                    "role": "Developer"
                },
                {
                    "name": "Thiago Pereira Rosa",
                    "email": "thiagor@engineer.com",
                    "homepage": "http://coderi.com.br",
                    "role": "Contributor"
                }
            ],
            "description": "A jQuery Plugin to make masks on form fields and html elements.",
            "homepage": "https://github.com/igorescobar/jQuery-Mask-Plugin",
            "keywords": [
                "jquery",
                "mask",
                "plugin"
            ],
            "time": "2016-04-27T16:16:55+00:00"
        },
        {
            "name": "phpdocumentor/reflection-common",
            "version": "2.0.0",
            "source": {
                "type": "git",
                "url": "https://github.com/phpDocumentor/ReflectionCommon.git",
                "reference": "63a995caa1ca9e5590304cd845c15ad6d482a62a"
            },
            "dist": {
                "type": "zip",
                "url": "https://api.github.com/repos/phpDocumentor/ReflectionCommon/zipball/63a995caa1ca9e5590304cd845c15ad6d482a62a",
                "reference": "63a995caa1ca9e5590304cd845c15ad6d482a62a",
                "shasum": ""
            },
            "require": {
                "php": ">=7.1"
            },
            "require-dev": {
                "phpunit/phpunit": "~6"
            },
            "type": "library",
            "extra": {
                "branch-alias": {
                    "dev-master": "2.x-dev"
                }
            },
            "autoload": {
                "psr-4": {
                    "phpDocumentor\\Reflection\\": "src/"
                }
            },
            "notification-url": "https://packagist.org/downloads/",
            "license": [
                "MIT"
            ],
            "authors": [
                {
                    "name": "Jaap van Otterdijk",
                    "email": "opensource@ijaap.nl"
                }
            ],
            "description": "Common reflection classes used by phpdocumentor to reflect the code structure",
            "homepage": "http://www.phpdoc.org",
            "keywords": [
                "FQSEN",
                "phpDocumentor",
                "phpdoc",
                "reflection",
                "static analysis"
            ],
            "time": "2018-08-07T13:53:10+00:00"
        },
        {
            "name": "phpdocumentor/reflection-docblock",
            "version": "4.3.4",
            "source": {
                "type": "git",
                "url": "https://github.com/phpDocumentor/ReflectionDocBlock.git",
                "reference": "da3fd972d6bafd628114f7e7e036f45944b62e9c"
            },
            "dist": {
                "type": "zip",
                "url": "https://api.github.com/repos/phpDocumentor/ReflectionDocBlock/zipball/da3fd972d6bafd628114f7e7e036f45944b62e9c",
                "reference": "da3fd972d6bafd628114f7e7e036f45944b62e9c",
                "shasum": ""
            },
            "require": {
                "php": "^7.0",
                "phpdocumentor/reflection-common": "^1.0.0 || ^2.0.0",
                "phpdocumentor/type-resolver": "~0.4 || ^1.0.0",
                "webmozart/assert": "^1.0"
            },
            "require-dev": {
                "doctrine/instantiator": "^1.0.5",
                "mockery/mockery": "^1.0",
                "phpdocumentor/type-resolver": "0.4.*",
                "phpunit/phpunit": "^6.4"
            },
            "type": "library",
            "extra": {
                "branch-alias": {
                    "dev-master": "4.x-dev"
                }
            },
            "autoload": {
                "psr-4": {
                    "phpDocumentor\\Reflection\\": [
                        "src/"
                    ]
                }
            },
            "notification-url": "https://packagist.org/downloads/",
            "license": [
                "MIT"
            ],
            "authors": [
                {
                    "name": "Mike van Riel",
                    "email": "me@mikevanriel.com"
                }
            ],
            "description": "With this component, a library can provide support for annotations via DocBlocks or otherwise retrieve information that is embedded in a DocBlock.",
            "time": "2019-12-28T18:55:12+00:00"
        },
        {
            "name": "phpdocumentor/type-resolver",
            "version": "1.1.0",
            "source": {
                "type": "git",
                "url": "https://github.com/phpDocumentor/TypeResolver.git",
                "reference": "7462d5f123dfc080dfdf26897032a6513644fc95"
            },
            "dist": {
                "type": "zip",
                "url": "https://api.github.com/repos/phpDocumentor/TypeResolver/zipball/7462d5f123dfc080dfdf26897032a6513644fc95",
                "reference": "7462d5f123dfc080dfdf26897032a6513644fc95",
                "shasum": ""
            },
            "require": {
                "php": "^7.2",
                "phpdocumentor/reflection-common": "^2.0"
            },
            "require-dev": {
                "ext-tokenizer": "^7.2",
                "mockery/mockery": "~1"
            },
            "type": "library",
            "extra": {
                "branch-alias": {
                    "dev-master": "1.x-dev"
                }
            },
            "autoload": {
                "psr-4": {
                    "phpDocumentor\\Reflection\\": "src"
                }
            },
            "notification-url": "https://packagist.org/downloads/",
            "license": [
                "MIT"
            ],
            "authors": [
                {
                    "name": "Mike van Riel",
                    "email": "me@mikevanriel.com"
                }
            ],
            "description": "A PSR-5 based resolver of Class names, Types and Structural Element Names",
            "time": "2020-02-18T18:59:58+00:00"
        },
        {
            "name": "phpfui/phpfui",
            "version": "V6.0.35",
            "source": {
                "type": "git",
                "url": "https://github.com/phpfui/phpfui.git",
                "reference": "c437e87391ca278e15864df3209f4f6a6c9e0ce1"
            },
            "dist": {
                "type": "zip",
                "url": "https://api.github.com/repos/phpfui/phpfui/zipball/c437e87391ca278e15864df3209f4f6a6c9e0ce1",
                "reference": "c437e87391ca278e15864df3209f4f6a6c9e0ce1",
                "shasum": ""
            },
            "require": {
                "components/jquery": "^3.3",
                "fortawesome/font-awesome": "^5.2",
                "froala/wysiwyg-editor": "2.9.5",
                "igorescobar/jquery-mask-plugin": "^1.14",
                "php": ">=7.1",
                "zurb/foundation": "^6.6"
            },
            "require-dev": {
                "phpfui/html-unit-tester": "^1.0",
                "phpunit/phpunit": "~7.0"
            },
            "type": "library",
            "autoload": {
                "psr-0": {
                    "PHPFUI\\": "src/"
                }
            },
            "notification-url": "https://packagist.org/downloads/",
            "license": [
                "MIT"
            ],
            "authors": [
                {
                    "name": "Bruce Wells",
                    "email": "brucekwells@gmail.com"
                }
            ],
            "description": "PHP Object Oriented Wrapper for the Foundation CSS Framework",
            "homepage": "http://www.phpfui.com",
            "keywords": [
                "css",
                "foundation",
                "framework",
                "html",
                "object oriented",
                "object-oriented",
                "php",
                "responsive",
                "scss",
                "ui"
            ],
            "time": "2020-03-13T02:24:49+00:00"
        },
        {
            "name": "scrivo/highlight.php",
            "version": "v9.18.1.1",
            "source": {
                "type": "git",
                "url": "https://github.com/scrivo/highlight.php.git",
                "reference": "52fc21c99fd888e33aed4879e55a3646f8d40558"
            },
            "dist": {
                "type": "zip",
                "url": "https://api.github.com/repos/scrivo/highlight.php/zipball/52fc21c99fd888e33aed4879e55a3646f8d40558",
                "reference": "52fc21c99fd888e33aed4879e55a3646f8d40558",
                "shasum": ""
            },
            "require": {
                "ext-json": "*",
                "ext-mbstring": "*",
                "php": ">=5.4"
            },
            "require-dev": {
                "phpunit/phpunit": "^4.8|^5.7",
                "sabberworm/php-css-parser": "^8.3",
                "symfony/finder": "^2.8|^3.4",
                "symfony/var-dumper": "^2.8|^3.4"
            },
            "suggest": {
                "ext-dom": "Needed to make use of the features in the utilities namespace"
            },
            "type": "library",
            "autoload": {
                "psr-0": {
                    "Highlight\\": "",
                    "HighlightUtilities\\": ""
                },
                "files": [
                    "HighlightUtilities/functions.php"
                ]
            },
            "notification-url": "https://packagist.org/downloads/",
            "license": [
                "BSD-3-Clause"
            ],
            "authors": [
                {
                    "name": "Geert Bergman",
                    "homepage": "http://www.scrivo.org/",
                    "role": "Project Author"
                },
                {
                    "name": "Vladimir Jimenez",
                    "homepage": "https://allejo.io",
                    "role": "Maintainer"
                },
                {
                    "name": "Martin Folkers",
                    "homepage": "https://twobrain.io",
                    "role": "Contributor"
                }
            ],
            "description": "Server side syntax highlighter that supports 185 languages. It's a PHP port of highlight.js",
            "keywords": [
                "code",
                "highlight",
                "highlight.js",
                "highlight.php",
                "syntax"
            ],
            "time": "2020-03-02T05:59:21+00:00"
        },
        {
            "name": "symfony/polyfill-ctype",
            "version": "v1.14.0",
            "source": {
                "type": "git",
                "url": "https://github.com/symfony/polyfill-ctype.git",
                "reference": "fbdeaec0df06cf3d51c93de80c7eb76e271f5a38"
            },
            "dist": {
                "type": "zip",
                "url": "https://api.github.com/repos/symfony/polyfill-ctype/zipball/fbdeaec0df06cf3d51c93de80c7eb76e271f5a38",
                "reference": "fbdeaec0df06cf3d51c93de80c7eb76e271f5a38",
                "shasum": ""
            },
            "require": {
                "php": ">=5.3.3"
            },
            "suggest": {
                "ext-ctype": "For best performance"
            },
            "type": "library",
            "extra": {
                "branch-alias": {
                    "dev-master": "1.14-dev"
                }
            },
            "autoload": {
                "psr-4": {
                    "Symfony\\Polyfill\\Ctype\\": ""
                },
                "files": [
                    "bootstrap.php"
                ]
            },
            "notification-url": "https://packagist.org/downloads/",
            "license": [
                "MIT"
            ],
            "authors": [
                {
                    "name": "Gert de Pagter",
                    "email": "BackEndTea@gmail.com"
                },
                {
                    "name": "Symfony Community",
                    "homepage": "https://symfony.com/contributors"
                }
            ],
            "description": "Symfony polyfill for ctype functions",
            "homepage": "https://symfony.com",
            "keywords": [
                "compatibility",
                "ctype",
                "polyfill",
                "portable"
            ],
            "time": "2020-01-13T11:15:53+00:00"
        },
        {
            "name": "symfony/process",
            "version": "v5.0.5",
            "source": {
                "type": "git",
                "url": "https://github.com/symfony/process.git",
                "reference": "fd4a86dd7e36437f2fc080d8c42c7415d828a0a8"
            },
            "dist": {
                "type": "zip",
                "url": "https://api.github.com/repos/symfony/process/zipball/fd4a86dd7e36437f2fc080d8c42c7415d828a0a8",
                "reference": "fd4a86dd7e36437f2fc080d8c42c7415d828a0a8",
                "shasum": ""
            },
            "require": {
                "php": "^7.2.5"
            },
            "type": "library",
            "extra": {
                "branch-alias": {
                    "dev-master": "5.0-dev"
                }
            },
            "autoload": {
                "psr-4": {
                    "Symfony\\Component\\Process\\": ""
                },
                "exclude-from-classmap": [
                    "/Tests/"
                ]
            },
            "notification-url": "https://packagist.org/downloads/",
            "license": [
                "MIT"
            ],
            "authors": [
                {
                    "name": "Fabien Potencier",
                    "email": "fabien@symfony.com"
                },
                {
                    "name": "Symfony Community",
                    "homepage": "https://symfony.com/contributors"
                }
            ],
            "description": "Symfony Process Component",
            "homepage": "https://symfony.com",
            "time": "2020-02-08T17:00:58+00:00"
        },
        {
            "name": "webmozart/assert",
            "version": "1.7.0",
            "source": {
                "type": "git",
                "url": "https://github.com/webmozart/assert.git",
                "reference": "aed98a490f9a8f78468232db345ab9cf606cf598"
            },
            "dist": {
                "type": "zip",
                "url": "https://api.github.com/repos/webmozart/assert/zipball/aed98a490f9a8f78468232db345ab9cf606cf598",
                "reference": "aed98a490f9a8f78468232db345ab9cf606cf598",
                "shasum": ""
            },
            "require": {
                "php": "^5.3.3 || ^7.0",
                "symfony/polyfill-ctype": "^1.8"
            },
            "conflict": {
                "vimeo/psalm": "<3.6.0"
            },
            "require-dev": {
                "phpunit/phpunit": "^4.8.36 || ^7.5.13"
            },
            "type": "library",
            "autoload": {
                "psr-4": {
                    "Webmozart\\Assert\\": "src/"
                }
            },
            "notification-url": "https://packagist.org/downloads/",
            "license": [
                "MIT"
            ],
            "authors": [
                {
                    "name": "Bernhard Schussek",
                    "email": "bschussek@gmail.com"
                }
            ],
            "description": "Assertions to validate method input/output with nice error messages.",
            "keywords": [
                "assert",
                "check",
                "validate"
            ],
            "time": "2020-02-14T12:15:55+00:00"
        },
        {
            "name": "zurb/foundation",
            "version": "v6.6.1",
            "source": {
                "type": "git",
                "url": "https://github.com/foundation/foundation-sites.git",
                "reference": "ef9389ea56bac2654b81e04b28f1cfad6d743c33"
            },
            "dist": {
                "type": "zip",
                "url": "https://api.github.com/repos/foundation/foundation-sites/zipball/ef9389ea56bac2654b81e04b28f1cfad6d743c33",
                "reference": "ef9389ea56bac2654b81e04b28f1cfad6d743c33",
                "shasum": ""
            },
            "type": "library",
            "notification-url": "https://packagist.org/downloads/",
            "license": [
                "MIT"
            ],
            "authors": [
                {
                    "name": "ZURB, Inc.",
                    "email": "foundation@zurb.com",
                    "homepage": "http://zurb.com"
                }
            ],
            "description": "The most advanced responsive front-end framework in the world.",
            "homepage": "https://get.foundation",
            "keywords": [
                "JS",
                "css",
                "framework",
                "mobile-first",
                "responsive",
                "sass",
                "scss"
            ],
            "time": "2019-12-13T19:45:58+00:00"
        }
    ],
    "packages-dev": [
        {
            "name": "guzzlehttp/guzzle",
            "version": "6.5.2",
            "source": {
                "type": "git",
                "url": "https://github.com/guzzle/guzzle.git",
                "reference": "43ece0e75098b7ecd8d13918293029e555a50f82"
            },
            "dist": {
                "type": "zip",
                "url": "https://api.github.com/repos/guzzle/guzzle/zipball/43ece0e75098b7ecd8d13918293029e555a50f82",
                "reference": "43ece0e75098b7ecd8d13918293029e555a50f82",
                "shasum": ""
            },
            "require": {
                "ext-json": "*",
                "guzzlehttp/promises": "^1.0",
                "guzzlehttp/psr7": "^1.6.1",
                "php": ">=5.5"
            },
            "require-dev": {
                "ext-curl": "*",
                "phpunit/phpunit": "^4.8.35 || ^5.7 || ^6.4 || ^7.0",
                "psr/log": "^1.1"
            },
            "suggest": {
                "ext-intl": "Required for Internationalized Domain Name (IDN) support",
                "psr/log": "Required for using the Log middleware"
            },
            "type": "library",
            "extra": {
                "branch-alias": {
                    "dev-master": "6.5-dev"
                }
            },
            "autoload": {
                "psr-4": {
                    "GuzzleHttp\\": "src/"
                },
                "files": [
                    "src/functions_include.php"
                ]
            },
            "notification-url": "https://packagist.org/downloads/",
            "license": [
                "MIT"
            ],
            "authors": [
                {
                    "name": "Michael Dowling",
                    "email": "mtdowling@gmail.com",
                    "homepage": "https://github.com/mtdowling"
                }
            ],
            "description": "Guzzle is a PHP HTTP client library",
            "homepage": "http://guzzlephp.org/",
            "keywords": [
                "client",
                "curl",
                "framework",
                "http",
                "http client",
                "rest",
                "web service"
            ],
            "time": "2019-12-23T11:57:10+00:00"
        },
        {
            "name": "guzzlehttp/promises",
            "version": "v1.3.1",
            "source": {
                "type": "git",
                "url": "https://github.com/guzzle/promises.git",
                "reference": "a59da6cf61d80060647ff4d3eb2c03a2bc694646"
            },
            "dist": {
                "type": "zip",
                "url": "https://api.github.com/repos/guzzle/promises/zipball/a59da6cf61d80060647ff4d3eb2c03a2bc694646",
                "reference": "a59da6cf61d80060647ff4d3eb2c03a2bc694646",
                "shasum": ""
            },
            "require": {
                "php": ">=5.5.0"
            },
            "require-dev": {
                "phpunit/phpunit": "^4.0"
            },
            "type": "library",
            "extra": {
                "branch-alias": {
                    "dev-master": "1.4-dev"
                }
            },
            "autoload": {
                "psr-4": {
                    "GuzzleHttp\\Promise\\": "src/"
                },
                "files": [
                    "src/functions_include.php"
                ]
            },
            "notification-url": "https://packagist.org/downloads/",
            "license": [
                "MIT"
            ],
            "authors": [
                {
                    "name": "Michael Dowling",
                    "email": "mtdowling@gmail.com",
                    "homepage": "https://github.com/mtdowling"
                }
            ],
            "description": "Guzzle promises library",
            "keywords": [
                "promise"
            ],
            "time": "2016-12-20T10:07:11+00:00"
        },
        {
            "name": "guzzlehttp/psr7",
            "version": "1.6.1",
            "source": {
                "type": "git",
                "url": "https://github.com/guzzle/psr7.git",
                "reference": "239400de7a173fe9901b9ac7c06497751f00727a"
            },
            "dist": {
                "type": "zip",
                "url": "https://api.github.com/repos/guzzle/psr7/zipball/239400de7a173fe9901b9ac7c06497751f00727a",
                "reference": "239400de7a173fe9901b9ac7c06497751f00727a",
                "shasum": ""
            },
            "require": {
                "php": ">=5.4.0",
                "psr/http-message": "~1.0",
                "ralouphie/getallheaders": "^2.0.5 || ^3.0.0"
            },
            "provide": {
                "psr/http-message-implementation": "1.0"
            },
            "require-dev": {
                "ext-zlib": "*",
                "phpunit/phpunit": "~4.8.36 || ^5.7.27 || ^6.5.8"
            },
            "suggest": {
                "zendframework/zend-httphandlerrunner": "Emit PSR-7 responses"
            },
            "type": "library",
            "extra": {
                "branch-alias": {
                    "dev-master": "1.6-dev"
                }
            },
            "autoload": {
                "psr-4": {
                    "GuzzleHttp\\Psr7\\": "src/"
                },
                "files": [
                    "src/functions_include.php"
                ]
            },
            "notification-url": "https://packagist.org/downloads/",
            "license": [
                "MIT"
            ],
            "authors": [
                {
                    "name": "Michael Dowling",
                    "email": "mtdowling@gmail.com",
                    "homepage": "https://github.com/mtdowling"
                },
                {
                    "name": "Tobias Schultze",
                    "homepage": "https://github.com/Tobion"
                }
            ],
            "description": "PSR-7 message implementation that also provides common utility methods",
            "keywords": [
                "http",
                "message",
                "psr-7",
                "request",
                "response",
                "stream",
                "uri",
                "url"
            ],
            "time": "2019-07-01T23:21:34+00:00"
        },
        {
            "name": "phpfui/html-unit-tester",
            "version": "V1.0.3",
            "source": {
                "type": "git",
                "url": "https://github.com/phpfui/HTMLUnitTester.git",
                "reference": "71b01871ff47b930de743f5daf5e5c51ff45eaf4"
            },
            "dist": {
                "type": "zip",
                "url": "https://api.github.com/repos/phpfui/HTMLUnitTester/zipball/71b01871ff47b930de743f5daf5e5c51ff45eaf4",
                "reference": "71b01871ff47b930de743f5daf5e5c51ff45eaf4",
                "shasum": ""
            },
            "require": {
                "php": ">=7.1",
                "rexxars/html-validator": "^2.2"
            },
            "require-dev": {
                "phpunit/phpunit": "~7.0"
            },
            "type": "library",
            "autoload": {
                "psr-0": {
                    "PHPFUI": "src/"
                }
            },
            "notification-url": "https://packagist.org/downloads/",
            "license": [
                "MIT"
            ],
            "authors": [
                {
                    "name": "Bruce Wells",
                    "email": "brucekwells@gmail.com"
                }
            ],
            "description": "PHPUnit Testing extensions for HMTL and CSS",
            "homepage": "https://github.com/phpfui/HTMLUnitTester",
            "keywords": [
                "css",
                "html",
                "phpunit",
                "test",
                "testing",
                "unit",
                "validation"
            ],
            "time": "2019-09-09T03:50:35+00:00"
        },
        {
            "name": "psr/http-message",
            "version": "1.0.1",
            "source": {
                "type": "git",
                "url": "https://github.com/php-fig/http-message.git",
                "reference": "f6561bf28d520154e4b0ec72be95418abe6d9363"
            },
            "dist": {
                "type": "zip",
                "url": "https://api.github.com/repos/php-fig/http-message/zipball/f6561bf28d520154e4b0ec72be95418abe6d9363",
                "reference": "f6561bf28d520154e4b0ec72be95418abe6d9363",
                "shasum": ""
            },
            "require": {
                "php": ">=5.3.0"
            },
            "type": "library",
            "extra": {
                "branch-alias": {
                    "dev-master": "1.0.x-dev"
                }
            },
            "autoload": {
                "psr-4": {
                    "Psr\\Http\\Message\\": "src/"
                }
            },
            "notification-url": "https://packagist.org/downloads/",
            "license": [
                "MIT"
            ],
            "authors": [
                {
                    "name": "PHP-FIG",
                    "homepage": "http://www.php-fig.org/"
                }
            ],
            "description": "Common interface for HTTP messages",
            "homepage": "https://github.com/php-fig/http-message",
            "keywords": [
                "http",
                "http-message",
                "psr",
                "psr-7",
                "request",
                "response"
            ],
            "time": "2016-08-06T14:39:51+00:00"
        },
        {
            "name": "ralouphie/getallheaders",
            "version": "3.0.3",
            "source": {
                "type": "git",
                "url": "https://github.com/ralouphie/getallheaders.git",
                "reference": "120b605dfeb996808c31b6477290a714d356e822"
            },
            "dist": {
                "type": "zip",
                "url": "https://api.github.com/repos/ralouphie/getallheaders/zipball/120b605dfeb996808c31b6477290a714d356e822",
                "reference": "120b605dfeb996808c31b6477290a714d356e822",
                "shasum": ""
            },
            "require": {
                "php": ">=5.6"
            },
            "require-dev": {
                "php-coveralls/php-coveralls": "^2.1",
                "phpunit/phpunit": "^5 || ^6.5"
            },
            "type": "library",
            "autoload": {
                "files": [
                    "src/getallheaders.php"
                ]
            },
            "notification-url": "https://packagist.org/downloads/",
            "license": [
                "MIT"
            ],
            "authors": [
                {
                    "name": "Ralph Khattar",
                    "email": "ralph.khattar@gmail.com"
                }
            ],
            "description": "A polyfill for getallheaders.",
            "time": "2019-03-08T08:55:37+00:00"
        },
        {
            "name": "rexxars/html-validator",
            "version": "2.2.0",
            "source": {
                "type": "git",
                "url": "https://github.com/rexxars/html-validator.git",
                "reference": "d225fc8414a0b58db43db7d73b3b43176037e2c2"
            },
            "dist": {
                "type": "zip",
                "url": "https://api.github.com/repos/rexxars/html-validator/zipball/d225fc8414a0b58db43db7d73b3b43176037e2c2",
                "reference": "d225fc8414a0b58db43db7d73b3b43176037e2c2",
                "shasum": ""
            },
            "require": {
                "ext-dom": "*",
                "ext-json": "*",
                "guzzlehttp/guzzle": "^6.2.1",
                "php": ">=5.6.0"
            },
            "require-dev": {
                "ext-dom": "*",
                "phpunit/phpunit": "^5.5.0"
            },
            "type": "library",
            "autoload": {
                "psr-0": {
                    "HtmlValidator": "library"
                }
            },
            "notification-url": "https://packagist.org/downloads/",
            "license": [
                "MIT"
            ],
            "authors": [
                {
                    "name": "Espen Hovlandsdal",
                    "email": "espen@hovlandsdal.com"
                }
            ],
            "description": "Validates HTML using Validator.nu",
            "time": "2019-07-31T13:59:30+00:00"
        }
    ],
    "aliases": [],
    "minimum-stability": "stable",
    "stability-flags": [],
    "prefer-stable": false,
    "prefer-lowest": false,
    "platform": {
        "php": ">=7.2"
    },
    "platform-dev": []
}
